
Microsoft Visual Studio Solution File, Format Version 12.00
# Visual Studio 15
VisualStudioVersion = 15.0.27130.2036
MinimumVisualStudioVersion = 10.0.40219.1
Project("{FAE04EC0-301F-11D3-BF4B-00C04F79EFBC}") = "NumPi", "NumPi\NumPi.csproj", "{8B0AC175-2640-4178-A5F9-4C774A4C064B}"
EndProject
Project("{FAE04EC0-301F-11D3-BF4B-00C04F79EFBC}") = "NumPiTests", "NumPiTests\NumPiTests.csproj", "{63402EF9-9019-4FCF-ABA4-DDA555C4A33F}"
EndProject
Global
	GlobalSection(SolutionConfigurationPlatforms) = preSolution
		Debug|Any CPU = Debug|Any CPU
		Release|Any CPU = Release|Any CPU
	EndGlobalSection
	GlobalSection(ProjectConfigurationPlatforms) = postSolution
		{8B0AC175-2640-4178-A5F9-4C774A4C064B}.Debug|Any CPU.ActiveCfg = Debug|Any CPU
		{8B0AC175-2640-4178-A5F9-4C774A4C064B}.Debug|Any CPU.Build.0 = Debug|Any CPU
		{8B0AC175-2640-4178-A5F9-4C774A4C064B}.Release|Any CPU.ActiveCfg = Release|Any CPU
		{8B0AC175-2640-4178-A5F9-4C774A4C064B}.Release|Any CPU.Build.0 = Release|Any CPU
		{63402EF9-9019-4FCF-ABA4-DDA555C4A33F}.Debug|Any CPU.ActiveCfg = Debug|Any CPU
		{63402EF9-9019-4FCF-ABA4-DDA555C4A33F}.Debug|Any CPU.Build.0 = Debug|Any CPU
		{63402EF9-9019-4FCF-ABA4-DDA555C4A33F}.Release|Any CPU.ActiveCfg = Release|Any CPU
		{63402EF9-9019-4FCF-ABA4-DDA555C4A33F}.Release|Any CPU.Build.0 = Release|Any CPU
	EndGlobalSection
	GlobalSection(SolutionProperties) = preSolution
		HideSolutionNode = FALSE
	EndGlobalSection
	GlobalSection(ExtensibilityGlobals) = postSolution
		SolutionGuid = {32C1D144-72A9-4F12-ACC4-D415C0C6A8D8}
	EndGlobalSection
EndGlobal
